
Microsoft Visual Studio Solution File, Format Version 12.00
# Visual Studio Version 17
VisualStudioVersion = 17.0.31903.59
MinimumVisualStudioVersion = 10.0.40219.1
Project("{FAE04EC0-301F-11D3-BF4B-00C04F79EFBC}") = "HVO.RoofControllerV4.Common", "HVO.RoofControllerV4.Common\HVO.RoofControllerV4.Common.csproj", "{AB3761BA-F661-4F1D-9E3F-68DA148C5EFD}"
EndProject
Project("{FAE04EC0-301F-11D3-BF4B-00C04F79EFBC}") = "HVO.RoofControllerV4.RPi", "HVO.RoofControllerV4.RPi\HVO.RoofControllerV4.RPi.csproj", "{A0A783CC-5E9F-4FCC-9517-C995150AFA55}"
EndProject
Project("{FAE04EC0-301F-11D3-BF4B-00C04F79EFBC}") = "HVO.WebSite.Themes", "HVO.WebSite.Themes\HVO.WebSite.Themes.csproj", "{8FDBB7A4-D56D-4CBC-957E-51273F59A825}"
EndProject
Project("{FAE04EC0-301F-11D3-BF4B-00C04F79EFBC}") = "HVO.RoofControllerV4.RPi.Tests", "..\tests\HVO.RoofControllerV4.RPi.Tests\HVO.RoofControllerV4.RPi.Tests.csproj", "{ABCE94E3-51AF-45DB-B9FB-53B945DF7A96}"
EndProject
Project("{FAE04EC0-301F-11D3-BF4B-00C04F79EFBC}") = "HVO.RoofControllerV4.Simulation", "HVO.RoofControllerV4.Simulation\HVO.RoofControllerV4.Simulation.csproj", "{5EB5437B-DF86-41BE-A9DB-D419DAA2AEAB}"
EndProject
Project("{FAE04EC0-301F-11D3-BF4B-00C04F79EFBC}") = "HVO.RoofControllerV4.Emulator", "HVO.RoofControllerV4.Emulator\HVO.RoofControllerV4.Emulator.csproj", "{876E4C4A-9174-4833-9A8F-4DD3212D9E59}"
EndProject
Project("{FAE04EC0-301F-11D3-BF4B-00C04F79EFBC}") = "HVO.RoofControllerV4.Client", "HVO.RoofControllerV4.Client\HVO.RoofControllerV4.Client.csproj", "{E3FE5007-99D5-4C17-A5A7-D4D2A7AA5320}"
EndProject
Project("{FAE04EC0-301F-11D3-BF4B-00C04F79EFBC}") = "HVO.RoofControllerV4.Cli", "HVO.RoofControllerV4.Cli\HVO.RoofControllerV4.Cli.csproj", "{BED6D0F6-F15A-441C-9C0B-B7549C39887C}"
EndProject
Project("{FAE04EC0-301F-11D3-BF4B-00C04F79EFBC}") = "HVO.RoofControllerV4.Web", "HVO.RoofControllerV4.Web\HVO.RoofControllerV4.Web.csproj", "{BFAFA346-3857-4F51-A8E8-19C58E57BCF8}"
EndProject
Project("{FAE04EC0-301F-11D3-BF4B-00C04F79EFBC}") = "HVO.RoofControllerV4.Screens", "HVO.RoofControllerV4.Screens\HVO.RoofControllerV4.Screens.csproj", "{F8916FA9-C439-4519-B4D8-0A545E4F64A8}"
EndProject
Project("{FAE04EC0-301F-11D3-BF4B-00C04F79EFBC}") = "HVO.RoofControllerV4.Kiosk", "HVO.RoofControllerV4.Kiosk\HVO.RoofControllerV4.Kiosk.csproj", "{EC6EEEEA-3075-4D23-806A-7496C4A0CED3}"
EndProject
Project("{FAE04EC0-301F-11D3-BF4B-00C04F79EFBC}") = "HVO.RoofControllerV4.Mac", "HVO.RoofControllerV4.Mac\HVO.RoofControllerV4.Mac.csproj", "{2FB71A3F-7871-4951-91CA-9FF46F45192A}"
EndProject
Project("{FAE04EC0-301F-11D3-BF4B-00C04F79EFBC}") = "HVO.RoofControllerV4.TerminalUi", "HVO.RoofControllerV4.TerminalUi\HVO.RoofControllerV4.TerminalUi.csproj", "{6ECCDBE3-3BB0-4009-9E66-A7342A5D0207}"
EndProject
Project("{FAE04EC0-301F-11D3-BF4B-00C04F79EFBC}") = "HVO.RoofControllerV4.Installer", "HVO.RoofControllerV4.Installer\HVO.RoofControllerV4.Installer.csproj", "{619F20EA-D8AF-4FFC-9EF5-0103E90DDCB2}"
EndProject
Global
	GlobalSection(SolutionConfigurationPlatforms) = preSolution
		Debug|Any CPU = Debug|Any CPU
		Debug|x64 = Debug|x64
		Debug|x86 = Debug|x86
		Release|Any CPU = Release|Any CPU
		Release|x64 = Release|x64
		Release|x86 = Release|x86
	EndGlobalSection
	GlobalSection(ProjectConfigurationPlatforms) = postSolution
		{AB3761BA-F661-4F1D-9E3F-68DA148C5EFD}.Debug|Any CPU.ActiveCfg = Debug|Any CPU
		{AB3761BA-F661-4F1D-9E3F-68DA148C5EFD}.Debug|Any CPU.Build.0 = Debug|Any CPU
		{AB3761BA-F661-4F1D-9E3F-68DA148C5EFD}.Debug|x64.ActiveCfg = Debug|Any CPU
		{AB3761BA-F661-4F1D-9E3F-68DA148C5EFD}.Debug|x64.Build.0 = Debug|Any CPU
		{AB3761BA-F661-4F1D-9E3F-68DA148C5EFD}.Debug|x86.ActiveCfg = Debug|Any CPU
		{AB3761BA-F661-4F1D-9E3F-68DA148C5EFD}.Debug|x86.Build.0 = Debug|Any CPU
		{AB3761BA-F661-4F1D-9E3F-68DA148C5EFD}.Release|Any CPU.ActiveCfg = Release|Any CPU
		{AB3761BA-F661-4F1D-9E3F-68DA148C5EFD}.Release|Any CPU.Build.0 = Release|Any CPU
		{AB3761BA-F661-4F1D-9E3F-68DA148C5EFD}.Release|x64.ActiveCfg = Release|Any CPU
		{AB3761BA-F661-4F1D-9E3F-68DA148C5EFD}.Release|x64.Build.0 = Release|Any CPU
		{AB3761BA-F661-4F1D-9E3F-68DA148C5EFD}.Release|x86.ActiveCfg = Release|Any CPU
		{AB3761BA-F661-4F1D-9E3F-68DA148C5EFD}.Release|x86.Build.0 = Release|Any CPU
		{A0A783CC-5E9F-4FCC-9517-C995150AFA55}.Debug|Any CPU.ActiveCfg = Debug|Any CPU
		{A0A783CC-5E9F-4FCC-9517-C995150AFA55}.Debug|Any CPU.Build.0 = Debug|Any CPU
		{A0A783CC-5E9F-4FCC-9517-C995150AFA55}.Debug|x64.ActiveCfg = Debug|Any CPU
		{A0A783CC-5E9F-4FCC-9517-C995150AFA55}.Debug|x64.Build.0 = Debug|Any CPU
		{A0A783CC-5E9F-4FCC-9517-C995150AFA55}.Debug|x86.ActiveCfg = Debug|Any CPU
		{A0A783CC-5E9F-4FCC-9517-C995150AFA55}.Debug|x86.Build.0 = Debug|Any CPU
		{A0A783CC-5E9F-4FCC-9517-C995150AFA55}.Release|Any CPU.ActiveCfg = Release|Any CPU
		{A0A783CC-5E9F-4FCC-9517-C995150AFA55}.Release|Any CPU.Build.0 = Release|Any CPU
		{A0A783CC-5E9F-4FCC-9517-C995150AFA55}.Release|x64.ActiveCfg = Release|Any CPU
		{A0A783CC-5E9F-4FCC-9517-C995150AFA55}.Release|x64.Build.0 = Release|Any CPU
		{A0A783CC-5E9F-4FCC-9517-C995150AFA55}.Release|x86.ActiveCfg = Release|Any CPU
		{A0A783CC-5E9F-4FCC-9517-C995150AFA55}.Release|x86.Build.0 = Release|Any CPU
		{8FDBB7A4-D56D-4CBC-957E-51273F59A825}.Debug|Any CPU.ActiveCfg = Debug|Any CPU
		{8FDBB7A4-D56D-4CBC-957E-51273F59A825}.Debug|Any CPU.Build.0 = Debug|Any CPU
		{8FDBB7A4-D56D-4CBC-957E-51273F59A825}.Debug|x64.ActiveCfg = Debug|Any CPU
		{8FDBB7A4-D56D-4CBC-957E-51273F59A825}.Debug|x64.Build.0 = Debug|Any CPU
		{8FDBB7A4-D56D-4CBC-957E-51273F59A825}.Debug|x86.ActiveCfg = Debug|Any CPU
		{8FDBB7A4-D56D-4CBC-957E-51273F59A825}.Debug|x86.Build.0 = Debug|Any CPU
		{8FDBB7A4-D56D-4CBC-957E-51273F59A825}.Release|Any CPU.ActiveCfg = Release|Any CPU
		{8FDBB7A4-D56D-4CBC-957E-51273F59A825}.Release|Any CPU.Build.0 = Release|Any CPU
		{8FDBB7A4-D56D-4CBC-957E-51273F59A825}.Release|x64.ActiveCfg = Release|Any CPU
		{8FDBB7A4-D56D-4CBC-957E-51273F59A825}.Release|x64.Build.0 = Release|Any CPU
		{8FDBB7A4-D56D-4CBC-957E-51273F59A825}.Release|x86.ActiveCfg = Release|Any CPU
		{8FDBB7A4-D56D-4CBC-957E-51273F59A825}.Release|x86.Build.0 = Release|Any CPU
		{ABCE94E3-51AF-45DB-B9FB-53B945DF7A96}.Debug|Any CPU.ActiveCfg = Debug|Any CPU
		{ABCE94E3-51AF-45DB-B9FB-53B945DF7A96}.Debug|Any CPU.Build.0 = Debug|Any CPU
		{ABCE94E3-51AF-45DB-B9FB-53B945DF7A96}.Debug|x64.ActiveCfg = Debug|Any CPU
		{ABCE94E3-51AF-45DB-B9FB-53B945DF7A96}.Debug|x64.Build.0 = Debug|Any CPU
		{ABCE94E3-51AF-45DB-B9FB-53B945DF7A96}.Debug|x86.ActiveCfg = Debug|Any CPU
		{ABCE94E3-51AF-45DB-B9FB-53B945DF7A96}.Debug|x86.Build.0 = Debug|Any CPU
		{ABCE94E3-51AF-45DB-B9FB-53B945DF7A96}.Release|Any CPU.ActiveCfg = Release|Any CPU
		{ABCE94E3-51AF-45DB-B9FB-53B945DF7A96}.Release|Any CPU.Build.0 = Release|Any CPU
		{ABCE94E3-51AF-45DB-B9FB-53B945DF7A96}.Release|x64.ActiveCfg = Release|Any CPU
		{ABCE94E3-51AF-45DB-B9FB-53B945DF7A96}.Release|x64.Build.0 = Release|Any CPU
		{ABCE94E3-51AF-45DB-B9FB-53B945DF7A96}.Release|x86.ActiveCfg = Release|Any CPU
		{ABCE94E3-51AF-45DB-B9FB-53B945DF7A96}.Release|x86.Build.0 = Release|Any CPU
		{5EB5437B-DF86-41BE-A9DB-D419DAA2AEAB}.Debug|Any CPU.ActiveCfg = Debug|Any CPU
		{5EB5437B-DF86-41BE-A9DB-D419DAA2AEAB}.Debug|Any CPU.Build.0 = Debug|Any CPU
		{5EB5437B-DF86-41BE-A9DB-D419DAA2AEAB}.Debug|x64.ActiveCfg = Debug|Any CPU
		{5EB5437B-DF86-41BE-A9DB-D419DAA2AEAB}.Debug|x64.Build.0 = Debug|Any CPU
		{5EB5437B-DF86-41BE-A9DB-D419DAA2AEAB}.Debug|x86.ActiveCfg = Debug|Any CPU
		{5EB5437B-DF86-41BE-A9DB-D419DAA2AEAB}.Debug|x86.Build.0 = Debug|Any CPU
		{5EB5437B-DF86-41BE-A9DB-D419DAA2AEAB}.Release|Any CPU.ActiveCfg = Release|Any CPU
		{5EB5437B-DF86-41BE-A9DB-D419DAA2AEAB}.Release|Any CPU.Build.0 = Release|Any CPU
		{5EB5437B-DF86-41BE-A9DB-D419DAA2AEAB}.Release|x64.ActiveCfg = Release|Any CPU
		{5EB5437B-DF86-41BE-A9DB-D419DAA2AEAB}.Release|x64.Build.0 = Release|Any CPU
		{5EB5437B-DF86-41BE-A9DB-D419DAA2AEAB}.Release|x86.ActiveCfg = Release|Any CPU
		{5EB5437B-DF86-41BE-A9DB-D419DAA2AEAB}.Release|x86.Build.0 = Release|Any CPU
		{876E4C4A-9174-4833-9A8F-4DD3212D9E59}.Debug|Any CPU.ActiveCfg = Debug|Any CPU
		{876E4C4A-9174-4833-9A8F-4DD3212D9E59}.Debug|Any CPU.Build.0 = Debug|Any CPU
		{876E4C4A-9174-4833-9A8F-4DD3212D9E59}.Debug|x64.ActiveCfg = Debug|Any CPU
		{876E4C4A-9174-4833-9A8F-4DD3212D9E59}.Debug|x64.Build.0 = Debug|Any CPU
		{876E4C4A-9174-4833-9A8F-4DD3212D9E59}.Debug|x86.ActiveCfg = Debug|Any CPU
		{876E4C4A-9174-4833-9A8F-4DD3212D9E59}.Debug|x86.Build.0 = Debug|Any CPU
		{876E4C4A-9174-4833-9A8F-4DD3212D9E59}.Release|Any CPU.ActiveCfg = Release|Any CPU
		{876E4C4A-9174-4833-9A8F-4DD3212D9E59}.Release|Any CPU.Build.0 = Release|Any CPU
		{876E4C4A-9174-4833-9A8F-4DD3212D9E59}.Release|x64.ActiveCfg = Release|Any CPU
		{876E4C4A-9174-4833-9A8F-4DD3212D9E59}.Release|x64.Build.0 = Release|Any CPU
		{876E4C4A-9174-4833-9A8F-4DD3212D9E59}.Release|x86.ActiveCfg = Release|Any CPU
		{876E4C4A-9174-4833-9A8F-4DD3212D9E59}.Release|x86.Build.0 = Release|Any CPU
		{E3FE5007-99D5-4C17-A5A7-D4D2A7AA5320}.Debug|Any CPU.ActiveCfg = Debug|Any CPU
		{E3FE5007-99D5-4C17-A5A7-D4D2A7AA5320}.Debug|Any CPU.Build.0 = Debug|Any CPU
		{E3FE5007-99D5-4C17-A5A7-D4D2A7AA5320}.Debug|x64.ActiveCfg = Debug|Any CPU
		{E3FE5007-99D5-4C17-A5A7-D4D2A7AA5320}.Debug|x64.Build.0 = Debug|Any CPU
		{E3FE5007-99D5-4C17-A5A7-D4D2A7AA5320}.Debug|x86.ActiveCfg = Debug|Any CPU
		{E3FE5007-99D5-4C17-A5A7-D4D2A7AA5320}.Debug|x86.Build.0 = Debug|Any CPU
		{E3FE5007-99D5-4C17-A5A7-D4D2A7AA5320}.Release|Any CPU.ActiveCfg = Release|Any CPU
		{E3FE5007-99D5-4C17-A5A7-D4D2A7AA5320}.Release|Any CPU.Build.0 = Release|Any CPU
		{E3FE5007-99D5-4C17-A5A7-D4D2A7AA5320}.Release|x64.ActiveCfg = Release|Any CPU
		{E3FE5007-99D5-4C17-A5A7-D4D2A7AA5320}.Release|x64.Build.0 = Release|Any CPU
		{E3FE5007-99D5-4C17-A5A7-D4D2A7AA5320}.Release|x86.ActiveCfg = Release|Any CPU
		{E3FE5007-99D5-4C17-A5A7-D4D2A7AA5320}.Release|x86.Build.0 = Release|Any CPU
		{BED6D0F6-F15A-441C-9C0B-B7549C39887C}.Debug|Any CPU.ActiveCfg = Debug|Any CPU
		{BED6D0F6-F15A-441C-9C0B-B7549C39887C}.Debug|Any CPU.Build.0 = Debug|Any CPU
		{BED6D0F6-F15A-441C-9C0B-B7549C39887C}.Debug|x64.ActiveCfg = Debug|Any CPU
		{BED6D0F6-F15A-441C-9C0B-B7549C39887C}.Debug|x64.Build.0 = Debug|Any CPU
		{BED6D0F6-F15A-441C-9C0B-B7549C39887C}.Debug|x86.ActiveCfg = Debug|Any CPU
		{BED6D0F6-F15A-441C-9C0B-B7549C39887C}.Debug|x86.Build.0 = Debug|Any CPU
		{BED6D0F6-F15A-441C-9C0B-B7549C39887C}.Release|Any CPU.ActiveCfg = Release|Any CPU
		{BED6D0F6-F15A-441C-9C0B-B7549C39887C}.Release|Any CPU.Build.0 = Release|Any CPU
		{BED6D0F6-F15A-441C-9C0B-B7549C39887C}.Release|x64.ActiveCfg = Release|Any CPU
		{BED6D0F6-F15A-441C-9C0B-B7549C39887C}.Release|x64.Build.0 = Release|Any CPU
		{BED6D0F6-F15A-441C-9C0B-B7549C39887C}.Release|x86.ActiveCfg = Release|Any CPU
		{BED6D0F6-F15A-441C-9C0B-B7549C39887C}.Release|x86.Build.0 = Release|Any CPU
		{BFAFA346-3857-4F51-A8E8-19C58E57BCF8}.Debug|Any CPU.ActiveCfg = Debug|Any CPU
		{BFAFA346-3857-4F51-A8E8-19C58E57BCF8}.Debug|Any CPU.Build.0 = Debug|Any CPU
		{BFAFA346-3857-4F51-A8E8-19C58E57BCF8}.Debug|x64.ActiveCfg = Debug|Any CPU
		{BFAFA346-3857-4F51-A8E8-19C58E57BCF8}.Debug|x64.Build.0 = Debug|Any CPU
		{BFAFA346-3857-4F51-A8E8-19C58E57BCF8}.Debug|x86.ActiveCfg = Debug|Any CPU
		{BFAFA346-3857-4F51-A8E8-19C58E57BCF8}.Debug|x86.Build.0 = Debug|Any CPU
		{BFAFA346-3857-4F51-A8E8-19C58E57BCF8}.Release|Any CPU.ActiveCfg = Release|Any CPU
		{BFAFA346-3857-4F51-A8E8-19C58E57BCF8}.Release|Any CPU.Build.0 = Release|Any CPU
		{BFAFA346-3857-4F51-A8E8-19C58E57BCF8}.Release|x64.ActiveCfg = Release|Any CPU
		{BFAFA346-3857-4F51-A8E8-19C58E57BCF8}.Release|x64.Build.0 = Release|Any CPU
		{BFAFA346-3857-4F51-A8E8-19C58E57BCF8}.Release|x86.ActiveCfg = Release|Any CPU
		{BFAFA346-3857-4F51-A8E8-19C58E57BCF8}.Release|x86.Build.0 = Release|Any CPU
		{F8916FA9-C439-4519-B4D8-0A545E4F64A8}.Debug|Any CPU.ActiveCfg = Debug|Any CPU
		{F8916FA9-C439-4519-B4D8-0A545E4F64A8}.Debug|Any CPU.Build.0 = Debug|Any CPU
		{F8916FA9-C439-4519-B4D8-0A545E4F64A8}.Debug|x64.ActiveCfg = Debug|Any CPU
		{F8916FA9-C439-4519-B4D8-0A545E4F64A8}.Debug|x64.Build.0 = Debug|Any CPU
		{F8916FA9-C439-4519-B4D8-0A545E4F64A8}.Debug|x86.ActiveCfg = Debug|Any CPU
		{F8916FA9-C439-4519-B4D8-0A545E4F64A8}.Debug|x86.Build.0 = Debug|Any CPU
		{F8916FA9-C439-4519-B4D8-0A545E4F64A8}.Release|Any CPU.ActiveCfg = Release|Any CPU
		{F8916FA9-C439-4519-B4D8-0A545E4F64A8}.Release|Any CPU.Build.0 = Release|Any CPU
		{F8916FA9-C439-4519-B4D8-0A545E4F64A8}.Release|x64.ActiveCfg = Release|Any CPU
		{F8916FA9-C439-4519-B4D8-0A545E4F64A8}.Release|x64.Build.0 = Release|Any CPU
		{F8916FA9-C439-4519-B4D8-0A545E4F64A8}.Release|x86.ActiveCfg = Release|Any CPU
		{F8916FA9-C439-4519-B4D8-0A545E4F64A8}.Release|x86.Build.0 = Release|Any CPU
		{EC6EEEEA-3075-4D23-806A-7496C4A0CED3}.Debug|Any CPU.ActiveCfg = Debug|Any CPU
		{EC6EEEEA-3075-4D23-806A-7496C4A0CED3}.Debug|Any CPU.Build.0 = Debug|Any CPU
		{EC6EEEEA-3075-4D23-806A-7496C4A0CED3}.Debug|x64.ActiveCfg = Debug|Any CPU
		{EC6EEEEA-3075-4D23-806A-7496C4A0CED3}.Debug|x64.Build.0 = Debug|Any CPU
		{EC6EEEEA-3075-4D23-806A-7496C4A0CED3}.Debug|x86.ActiveCfg = Debug|Any CPU
		{EC6EEEEA-3075-4D23-806A-7496C4A0CED3}.Debug|x86.Build.0 = Debug|Any CPU
		{EC6EEEEA-3075-4D23-806A-7496C4A0CED3}.Release|Any CPU.ActiveCfg = Release|Any CPU
		{EC6EEEEA-3075-4D23-806A-7496C4A0CED3}.Release|Any CPU.Build.0 = Release|Any CPU
		{EC6EEEEA-3075-4D23-806A-7496C4A0CED3}.Release|x64.ActiveCfg = Release|Any CPU
		{EC6EEEEA-3075-4D23-806A-7496C4A0CED3}.Release|x64.Build.0 = Release|Any CPU
		{EC6EEEEA-3075-4D23-806A-7496C4A0CED3}.Release|x86.ActiveCfg = Release|Any CPU
		{EC6EEEEA-3075-4D23-806A-7496C4A0CED3}.Release|x86.Build.0 = Release|Any CPU
		{2FB71A3F-7871-4951-91CA-9FF46F45192A}.Debug|Any CPU.ActiveCfg = Debug|Any CPU
		{2FB71A3F-7871-4951-91CA-9FF46F45192A}.Debug|Any CPU.Build.0 = Debug|Any CPU
		{2FB71A3F-7871-4951-91CA-9FF46F45192A}.Debug|x64.ActiveCfg = Debug|Any CPU
		{2FB71A3F-7871-4951-91CA-9FF46F45192A}.Debug|x64.Build.0 = Debug|Any CPU
		{2FB71A3F-7871-4951-91CA-9FF46F45192A}.Debug|x86.ActiveCfg = Debug|Any CPU
		{2FB71A3F-7871-4951-91CA-9FF46F45192A}.Debug|x86.Build.0 = Debug|Any CPU
		{2FB71A3F-7871-4951-91CA-9FF46F45192A}.Release|Any CPU.ActiveCfg = Release|Any CPU
		{2FB71A3F-7871-4951-91CA-9FF46F45192A}.Release|Any CPU.Build.0 = Release|Any CPU
		{2FB71A3F-7871-4951-91CA-9FF46F45192A}.Release|x64.ActiveCfg = Release|Any CPU
		{2FB71A3F-7871-4951-91CA-9FF46F45192A}.Release|x64.Build.0 = Release|Any CPU
		{2FB71A3F-7871-4951-91CA-9FF46F45192A}.Release|x86.ActiveCfg = Release|Any CPU
		{2FB71A3F-7871-4951-91CA-9FF46F45192A}.Release|x86.Build.0 = Release|Any CPU
		{6ECCDBE3-3BB0-4009-9E66-A7342A5D0207}.Debug|Any CPU.ActiveCfg = Debug|Any CPU
		{6ECCDBE3-3BB0-4009-9E66-A7342A5D0207}.Debug|Any CPU.Build.0 = Debug|Any CPU
		{6ECCDBE3-3BB0-4009-9E66-A7342A5D0207}.Debug|x64.ActiveCfg = Debug|Any CPU
		{6ECCDBE3-3BB0-4009-9E66-A7342A5D0207}.Debug|x64.Build.0 = Debug|Any CPU
		{6ECCDBE3-3BB0-4009-9E66-A7342A5D0207}.Debug|x86.ActiveCfg = Debug|Any CPU
		{6ECCDBE3-3BB0-4009-9E66-A7342A5D0207}.Debug|x86.Build.0 = Debug|Any CPU
		{6ECCDBE3-3BB0-4009-9E66-A7342A5D0207}.Release|Any CPU.ActiveCfg = Release|Any CPU
		{6ECCDBE3-3BB0-4009-9E66-A7342A5D0207}.Release|Any CPU.Build.0 = Release|Any CPU
		{6ECCDBE3-3BB0-4009-9E66-A7342A5D0207}.Release|x64.ActiveCfg = Release|Any CPU
		{6ECCDBE3-3BB0-4009-9E66-A7342A5D0207}.Release|x64.Build.0 = Release|Any CPU
		{6ECCDBE3-3BB0-4009-9E66-A7342A5D0207}.Release|x86.ActiveCfg = Release|Any CPU
		{6ECCDBE3-3BB0-4009-9E66-A7342A5D0207}.Release|x86.Build.0 = Release|Any CPU
		{619F20EA-D8AF-4FFC-9EF5-0103E90DDCB2}.Debug|Any CPU.ActiveCfg = Debug|Any CPU
		{619F20EA-D8AF-4FFC-9EF5-0103E90DDCB2}.Debug|Any CPU.Build.0 = Debug|Any CPU
		{619F20EA-D8AF-4FFC-9EF5-0103E90DDCB2}.Debug|x64.ActiveCfg = Debug|Any CPU
		{619F20EA-D8AF-4FFC-9EF5-0103E90DDCB2}.Debug|x64.Build.0 = Debug|Any CPU
		{619F20EA-D8AF-4FFC-9EF5-0103E90DDCB2}.Debug|x86.ActiveCfg = Debug|Any CPU
		{619F20EA-D8AF-4FFC-9EF5-0103E90DDCB2}.Debug|x86.Build.0 = Debug|Any CPU
		{619F20EA-D8AF-4FFC-9EF5-0103E90DDCB2}.Release|Any CPU.ActiveCfg = Release|Any CPU
		{619F20EA-D8AF-4FFC-9EF5-0103E90DDCB2}.Release|Any CPU.Build.0 = Release|Any CPU
		{619F20EA-D8AF-4FFC-9EF5-0103E90DDCB2}.Release|x64.ActiveCfg = Release|Any CPU
		{619F20EA-D8AF-4FFC-9EF5-0103E90DDCB2}.Release|x64.Build.0 = Release|Any CPU
		{619F20EA-D8AF-4FFC-9EF5-0103E90DDCB2}.Release|x86.ActiveCfg = Release|Any CPU
		{619F20EA-D8AF-4FFC-9EF5-0103E90DDCB2}.Release|x86.Build.0 = Release|Any CPU
	EndGlobalSection
	GlobalSection(SolutionProperties) = preSolution
		HideSolutionNode = FALSE
	EndGlobalSection
EndGlobal
